
Microsoft Visual Studio Solution File, Format Version 12.00
# Visual Studio Version 17
VisualStudioVersion = 17.7.34221.43
MinimumVisualStudioVersion = 10.0.40219.1
Project("{FAE04EC0-301F-11D3-BF4B-00C04F79EFBC}") = "AutomatedReceptionistSystem", "AutomatedReceptionistSystem\AutomatedReceptionistSystem.csproj", "{CC36A1CC-FB67-4853-91CE-9D8F8103B2F9}"
EndProject
Global
	GlobalSection(SolutionConfigurationPlatforms) = preSolution
		Debug|Any CPU = Debug|Any CPU
		Release|Any CPU = Release|Any CPU
	EndGlobalSection
	GlobalSection(ProjectConfigurationPlatforms) = postSolution
		{CC36A1CC-FB67-4853-91CE-9D8F8103B2F9}.Debug|Any CPU.ActiveCfg = Debug|Any CPU
		{CC36A1CC-FB67-4853-91CE-9D8F8103B2F9}.Debug|Any CPU.Build.0 = Debug|Any CPU
		{CC36A1CC-FB67-4853-91CE-9D8F8103B2F9}.Release|Any CPU.ActiveCfg = Release|Any CPU
		{CC36A1CC-FB67-4853-91CE-9D8F8103B2F9}.Release|Any CPU.Build.0 = Release|Any CPU
	EndGlobalSection
	GlobalSection(SolutionProperties) = preSolution
		HideSolutionNode = FALSE
	EndGlobalSection
	GlobalSection(ExtensibilityGlobals) = postSolution
		SolutionGuid = {D07D1139-8F07-4649-860F-32475580E20F}
	EndGlobalSection
EndGlobal
